
Microsoft Visual Studio Solution File, Format Version 12.00
# Visual Studio Version 16
VisualStudioVersion = 16.0.31829.152
MinimumVisualStudioVersion = 10.0.40219.1
Project("{FAE04EC0-301F-11D3-BF4B-00C04F79EFBC}") = "WaServer", "WaServer\WaServer.csproj", "{5A1DD5C3-E70B-438E-9088-766462BD57D9}"
EndProject
Global
	GlobalSection(SolutionConfigurationPlatforms) = preSolution
		Debug|Any CPU = Debug|Any CPU
		Release|Any CPU = Release|Any CPU
	EndGlobalSection
	GlobalSection(ProjectConfigurationPlatforms) = postSolution
		{5A1DD5C3-E70B-438E-9088-766462BD57D9}.Debug|Any CPU.ActiveCfg = Debug|Any CPU
		{5A1DD5C3-E70B-438E-9088-766462BD57D9}.Debug|Any CPU.Build.0 = Debug|Any CPU
		{5A1DD5C3-E70B-438E-9088-766462BD57D9}.Release|Any CPU.ActiveCfg = Release|Any CPU
		{5A1DD5C3-E70B-438E-9088-766462BD57D9}.Release|Any CPU.Build.0 = Release|Any CPU
	EndGlobalSection
	GlobalSection(SolutionProperties) = preSolution
		HideSolutionNode = FALSE
	EndGlobalSection
	GlobalSection(ExtensibilityGlobals) = postSolution
		SolutionGuid = {ECD4959D-B761-43EA-86D4-4490ADFA5DFE}
	EndGlobalSection
EndGlobal
